
Microsoft Visual Studio Solution File, Format Version 12.00
# Visual Studio 15
VisualStudioVersion = 15.0.28307.421
MinimumVisualStudioVersion = 10.0.40219.1
Project("{FAE04EC0-301F-11D3-BF4B-00C04F79EFBC}") = "FebThird", "FebThird\FebThird.csproj", "{5F8A5292-BF2D-4A2F-B013-C777AE381D9B}"
EndProject
Global
	GlobalSection(SolutionConfigurationPlatforms) = preSolution
		Debug|Any CPU = Debug|Any CPU
		Release|Any CPU = Release|Any CPU
	EndGlobalSection
	GlobalSection(ProjectConfigurationPlatforms) = postSolution
		{5F8A5292-BF2D-4A2F-B013-C777AE381D9B}.Debug|Any CPU.ActiveCfg = Debug|Any CPU
		{5F8A5292-BF2D-4A2F-B013-C777AE381D9B}.Debug|Any CPU.Build.0 = Debug|Any CPU
		{5F8A5292-BF2D-4A2F-B013-C777AE381D9B}.Release|Any CPU.ActiveCfg = Release|Any CPU
		{5F8A5292-BF2D-4A2F-B013-C777AE381D9B}.Release|Any CPU.Build.0 = Release|Any CPU
	EndGlobalSection
	GlobalSection(SolutionProperties) = preSolution
		HideSolutionNode = FALSE
	EndGlobalSection
	GlobalSection(ExtensibilityGlobals) = postSolution
		SolutionGuid = {16D3096B-58E2-47FC-8445-FEFA5812DCDF}
	EndGlobalSection
EndGlobal
